// !$*UTF8*$!
{
	archiveVersion = 1;
	classes = {
	};
	objectVersion = 55;
	objects = {

/* Begin PBXBuildFile section */
		BFDDB49028C1075900AECBF6 /* SwiftUI_TutorialApp.swift in Sources */ = {isa = PBXBuildFile; fileRef = BFDDB48F28C1075900AECBF6 /* SwiftUI_TutorialApp.swift */; };
		BFDDB49228C1075900AECBF6 /* ContentView.swift in Sources */ = {isa = PBXBuildFile; fileRef = BFDDB49128C1075900AECBF6 /* ContentView.swift */; };
		BFDDB49428C1075A00AECBF6 /* Assets.xcassets in Resources */ = {isa = PBXBuildFile; fileRef = BFDDB49328C1075A00AECBF6 /* Assets.xcassets */; };
		BFDDB49728C1075A00AECBF6 /* Preview Assets.xcassets in Resources */ = {isa = PBXBuildFile; fileRef = BFDDB49628C1075A00AECBF6 /* Preview Assets.xcassets */; };
		BFDDB4A128C1075A00AECBF6 /* SwiftUI_TutorialTests.swift in Sources */ = {isa = PBXBuildFile; fileRef = BFDDB4A028C1075A00AECBF6 /* SwiftUI_TutorialTests.swift */; };
		BFDDB4AB28C1075A00AECBF6 /* SwiftUI_TutorialUITests.swift in Sources */ = {isa = PBXBuildFile; fileRef = BFDDB4AA28C1075A00AECBF6 /* SwiftUI_TutorialUITests.swift */; };
		BFDDB4AD28C1075A00AECBF6 /* SwiftUI_TutorialUITestsLaunchTests.swift in Sources */ = {isa = PBXBuildFile; fileRef = BFDDB4AC28C1075A00AECBF6 /* SwiftUI_TutorialUITestsLaunchTests.swift */; };
		BFDDB4BA28C109A800AECBF6 /* CircleImage.swift in Sources */ = {isa = PBXBuildFile; fileRef = BFDDB4B928C109A800AECBF6 /* CircleImage.swift */; };
		BFDDB4BC28C10AC300AECBF6 /* MapView.swift in Sources */ = {isa = PBXBuildFile; fileRef = BFDDB4BB28C10AC300AECBF6 /* MapView.swift */; };
		BFDDB4BE28C1ADD000AECBF6 /* landmarkData.json in Resources */ = {isa = PBXBuildFile; fileRef = BFDDB4BD28C1ADD000AECBF6 /* landmarkData.json */; };
		BFDDB4C028C1ADDC00AECBF6 /* Landmark.swift in Sources */ = {isa = PBXBuildFile; fileRef = BFDDB4BF28C1ADDC00AECBF6 /* Landmark.swift */; };
		BFDDB4C428C1B1BD00AECBF6 /* ModelData.swift in Sources */ = {isa = PBXBuildFile; fileRef = BFDDB4C328C1B1BD00AECBF6 /* ModelData.swift */; };
		BFDDB4CB28C1B3AF00AECBF6 /* LandmarkRow.swift in Sources */ = {isa = PBXBuildFile; fileRef = BFDDB4CA28C1B3AF00AECBF6 /* LandmarkRow.swift */; };
		BFDDB4CD28C1B77200AECBF6 /* LandmarkList.swift in Sources */ = {isa = PBXBuildFile; fileRef = BFDDB4CC28C1B77200AECBF6 /* LandmarkList.swift */; };
		BFDDB4CF28C1BDD200AECBF6 /* LandmarkDetail.swift in Sources */ = {isa = PBXBuildFile; fileRef = BFDDB4CE28C1BDD200AECBF6 /* LandmarkDetail.swift */; };
/* End PBXBuildFile section */

/* Begin PBXContainerItemProxy section */
		BFDDB49D28C1075A00AECBF6 /* PBXContainerItemProxy */ = {
			isa = PBXContainerItemProxy;
			containerPortal = BFDDB48428C1075900AECBF6 /* Project object */;
			proxyType = 1;
			remoteGlobalIDString = BFDDB48B28C1075900AECBF6;
			remoteInfo = "SwiftUI Tutorial";
		};
		BFDDB4A728C1075A00AECBF6 /* PBXContainerItemProxy */ = {
			isa = PBXContainerItemProxy;
			containerPortal = BFDDB48428C1075900AECBF6 /* Project object */;
			proxyType = 1;
			remoteGlobalIDString = BFDDB48B28C1075900AECBF6;
			remoteInfo = "SwiftUI Tutorial";
		};
/* End PBXContainerItemProxy section */

/* Begin PBXFileReference section */
		BFDDB48C28C1075900AECBF6 /* SwiftUI Tutorial.app */ = {isa = PBXFileReference; explicitFileType = wrapper.application; includeInIndex = 0; path = "SwiftUI Tutorial.app"; sourceTree = BUILT_PRODUCTS_DIR; };
		BFDDB48F28C1075900AECBF6 /* SwiftUI_TutorialApp.swift */ = {isa = PBXFileReference; lastKnownFileType = sourcecode.swift; path = SwiftUI_TutorialApp.swift; sourceTree = "<group>"; };
		BFDDB49128C1075900AECBF6 /* ContentView.swift */ = {isa = PBXFileReference; lastKnownFileType = sourcecode.swift; path = ContentView.swift; sourceTree = "<group>"; };
		BFDDB49328C1075A00AECBF6 /* Assets.xcassets */ = {isa = PBXFileReference; lastKnownFileType = folder.assetcatalog; path = Assets.xcassets; sourceTree = "<group>"; };
		BFDDB49628C1075A00AECBF6 /* Preview Assets.xcassets */ = {isa = PBXFileReference; lastKnownFileType = folder.assetcatalog; path = "Preview Assets.xcassets"; sourceTree = "<group>"; };
		BFDDB49C28C1075A00AECBF6 /* SwiftUI TutorialTests.xctest */ = {isa = PBXFileReference; explicitFileType = wrapper.cfbundle; includeInIndex = 0; path = "SwiftUI TutorialTests.xctest"; sourceTree = BUILT_PRODUCTS_DIR; };
		BFDDB4A028C1075A00AECBF6 /* SwiftUI_TutorialTests.swift */ = {isa = PBXFileReference; lastKnownFileType = sourcecode.swift; path = SwiftUI_TutorialTests.swift; sourceTree = "<group>"; };
		BFDDB4A628C1075A00AECBF6 /* SwiftUI TutorialUITests.xctest */ = {isa = PBXFileReference; explicitFileType = wrapper.cfbundle; includeInIndex = 0; path = "SwiftUI TutorialUITests.xctest"; sourceTree = BUILT_PRODUCTS_DIR; };
		BFDDB4AA28C1075A00AECBF6 /* SwiftUI_TutorialUITests.swift */ = {isa = PBXFileReference; lastKnownFileType = sourcecode.swift; path = SwiftUI_TutorialUITests.swift; sourceTree = "<group>"; };
		BFDDB4AC28C1075A00AECBF6 /* SwiftUI_TutorialUITestsLaunchTests.swift */ = {isa = PBXFileReference; lastKnownFileType = sourcecode.swift; path = SwiftUI_TutorialUITestsLaunchTests.swift; sourceTree = "<group>"; };
		BFDDB4B928C109A800AECBF6 /* CircleImage.swift */ = {isa = PBXFileReference; lastKnownFileType = sourcecode.swift; path = CircleImage.swift; sourceTree = "<group>"; };
		BFDDB4BB28C10AC300AECBF6 /* MapView.swift */ = {isa = PBXFileReference; lastKnownFileType = sourcecode.swift; path = MapView.swift; sourceTree = "<group>"; };
		BFDDB4BD28C1ADD000AECBF6 /* landmarkData.json */ = {isa = PBXFileReference; fileEncoding = 4; lastKnownFileType = text.json; path = landmarkData.json; sourceTree = "<group>"; };
		BFDDB4BF28C1ADDC00AECBF6 /* Landmark.swift */ = {isa = PBXFileReference; lastKnownFileType = sourcecode.swift; path = Landmark.swift; sourceTree = "<group>"; };
		BFDDB4C328C1B1BD00AECBF6 /* ModelData.swift */ = {isa = PBXFileReference; lastKnownFileType = sourcecode.swift; path = ModelData.swift; sourceTree = "<group>"; };
		BFDDB4CA28C1B3AF00AECBF6 /* LandmarkRow.swift */ = {isa = PBXFileReference; lastKnownFileType = sourcecode.swift; path = LandmarkRow.swift; sourceTree = "<group>"; };
		BFDDB4CC28C1B77200AECBF6 /* LandmarkList.swift */ = {isa = PBXFileReference; lastKnownFileType = sourcecode.swift; path = LandmarkList.swift; sourceTree = "<group>"; };
		BFDDB4CE28C1BDD200AECBF6 /* LandmarkDetail.swift */ = {isa = PBXFileReference; lastKnownFileType = sourcecode.swift; path = LandmarkDetail.swift; sourceTree = "<group>"; };
/* End PBXFileReference section */

/* Begin PBXFrameworksBuildPhase section */
		BFDDB48928C1075900AECBF6 /* Frameworks */ = {
			isa = PBXFrameworksBuildPhase;
			buildActionMask = 2147483647;
			files = (
			);
			runOnlyForDeploymentPostprocessing = 0;
		};
		BFDDB49928C1075A00AECBF6 /* Frameworks */ = {
			isa = PBXFrameworksBuildPhase;
			buildActionMask = 2147483647;
			files = (
			);
			runOnlyForDeploymentPostprocessing = 0;
		};
		BFDDB4A328C1075A00AECBF6 /* Frameworks */ = {
			isa = PBXFrameworksBuildPhase;
			buildActionMask = 2147483647;
			files = (
			);
			runOnlyForDeploymentPostprocessing = 0;
		};
/* End PBXFrameworksBuildPhase section */

/* Begin PBXGroup section */
		BFDDB48328C1075900AECBF6 = {
			isa = PBXGroup;
			children = (
				BFDDB48E28C1075900AECBF6 /* SwiftUI Tutorial */,
				BFDDB49F28C1075A00AECBF6 /* SwiftUI TutorialTests */,
				BFDDB4A928C1075A00AECBF6 /* SwiftUI TutorialUITests */,
				BFDDB48D28C1075900AECBF6 /* Products */,
			);
			sourceTree = "<group>";
		};
		BFDDB48D28C1075900AECBF6 /* Products */ = {
			isa = PBXGroup;
			children = (
				BFDDB48C28C1075900AECBF6 /* SwiftUI Tutorial.app */,
				BFDDB49C28C1075A00AECBF6 /* SwiftUI TutorialTests.xctest */,
				BFDDB4A628C1075A00AECBF6 /* SwiftUI TutorialUITests.xctest */,
			);
			name = Products;
			sourceTree = "<group>";
		};
		BFDDB48E28C1075900AECBF6 /* SwiftUI Tutorial */ = {
			isa = PBXGroup;
			children = (
				BFDDB48F28C1075900AECBF6 /* SwiftUI_TutorialApp.swift */,
				BFDDB4C828C1B33300AECBF6 /* Model */,
				BFDDB4C528C1B30300AECBF6 /* Views */,
				BFDDB4C928C1B34300AECBF6 /* Resources */,
				BFDDB49328C1075A00AECBF6 /* Assets.xcassets */,
				BFDDB49528C1075A00AECBF6 /* Preview Content */,
			);
			path = "SwiftUI Tutorial";
			sourceTree = "<group>";
		};
		BFDDB49528C1075A00AECBF6 /* Preview Content */ = {
			isa = PBXGroup;
			children = (
				BFDDB49628C1075A00AECBF6 /* Preview Assets.xcassets */,
			);
			path = "Preview Content";
			sourceTree = "<group>";
		};
		BFDDB49F28C1075A00AECBF6 /* SwiftUI TutorialTests */ = {
			isa = PBXGroup;
			children = (
				BFDDB4A028C1075A00AECBF6 /* SwiftUI_TutorialTests.swift */,
			);
			path = "SwiftUI TutorialTests";
			sourceTree = "<group>";
		};
		BFDDB4A928C1075A00AECBF6 /* SwiftUI TutorialUITests */ = {
			isa = PBXGroup;
			children = (
				BFDDB4AA28C1075A00AECBF6 /* SwiftUI_TutorialUITests.swift */,
				BFDDB4AC28C1075A00AECBF6 /* SwiftUI_TutorialUITestsLaunchTests.swift */,
			);
			path = "SwiftUI TutorialUITests";
			sourceTree = "<group>";
		};
		BFDDB4C528C1B30300AECBF6 /* Views */ = {
			isa = PBXGroup;
			children = (
				BFDDB49128C1075900AECBF6 /* ContentView.swift */,
				BFDDB4B928C109A800AECBF6 /* CircleImage.swift */,
				BFDDB4BB28C10AC300AECBF6 /* MapView.swift */,
				BFDDB4CA28C1B3AF00AECBF6 /* LandmarkRow.swift */,
				BFDDB4CC28C1B77200AECBF6 /* LandmarkList.swift */,
				BFDDB4CE28C1BDD200AECBF6 /* LandmarkDetail.swift */,
			);
			path = Views;
			sourceTree = "<group>";
		};
		BFDDB4C828C1B33300AECBF6 /* Model */ = {
			isa = PBXGroup;
			children = (
				BFDDB4BF28C1ADDC00AECBF6 /* Landmark.swift */,
				BFDDB4C328C1B1BD00AECBF6 /* ModelData.swift */,
			);
			path = Model;
			sourceTree = "<group>";
		};
		BFDDB4C928C1B34300AECBF6 /* Resources */ = {
			isa = PBXGroup;
			children = (
				BFDDB4BD28C1ADD000AECBF6 /* landmarkData.json */,
			);
			path = Resources;
			sourceTree = "<group>";
		};
/* End PBXGroup section */

/* Begin PBXNativeTarget section */
		BFDDB48B28C1075900AECBF6 /* SwiftUI Tutorial */ = {
			isa = PBXNativeTarget;
			buildConfigurationList = BFDDB4B028C1075A00AECBF6 /* Build configuration list for PBXNativeTarget "SwiftUI Tutorial" */;
			buildPhases = (
				BFDDB48828C1075900AECBF6 /* Sources */,
				BFDDB48928C1075900AECBF6 /* Frameworks */,
				BFDDB48A28C1075900AECBF6 /* Resources */,
			);
			buildRules = (
			);
			dependencies = (
			);
			name = "SwiftUI Tutorial";
			productName = "SwiftUI Tutorial";
			productReference = BFDDB48C28C1075900AECBF6 /* SwiftUI Tutorial.app */;
			productType = "com.apple.product-type.application";
		};
		BFDDB49B28C1075A00AECBF6 /* SwiftUI TutorialTests */ = {
			isa = PBXNativeTarget;
			buildConfigurationList = BFDDB4B328C1075A00AECBF6 /* Build configuration list for PBXNativeTarget "SwiftUI TutorialTests" */;
			buildPhases = (
				BFDDB49828C1075A00AECBF6 /* Sources */,
				BFDDB49928C1075A00AECBF6 /* Frameworks */,
				BFDDB49A28C1075A00AECBF6 /* Resources */,
			);
			buildRules = (
			);
			dependencies = (
				BFDDB49E28C1075A00AECBF6 /* PBXTargetDependency */,
			);
			name = "SwiftUI TutorialTests";
			productName = "SwiftUI TutorialTests";
			productReference = BFDDB49C28C1075A00AECBF6 /* SwiftUI TutorialTests.xctest */;
			productType = "com.apple.product-type.bundle.unit-test";
		};
		BFDDB4A528C1075A00AECBF6 /* SwiftUI TutorialUITests */ = {
			isa = PBXNativeTarget;
			buildConfigurationList = BFDDB4B628C1075A00AECBF6 /* Build configuration list for PBXNativeTarget "SwiftUI TutorialUITests" */;
			buildPhases = (
				BFDDB4A228C1075A00AECBF6 /* Sources */,
				BFDDB4A328C1075A00AECBF6 /* Frameworks */,
				BFDDB4A428C1075A00AECBF6 /* Resources */,
			);
			buildRules = (
			);
			dependencies = (
				BFDDB4A828C1075A00AECBF6 /* PBXTargetDependency */,
			);
			name = "SwiftUI TutorialUITests";
			productName = "SwiftUI TutorialUITests";
			productReference = BFDDB4A628C1075A00AECBF6 /* SwiftUI TutorialUITests.xctest */;
			productType = "com.apple.product-type.bundle.ui-testing";
		};
/* End PBXNativeTarget section */

/* Begin PBXProject section */
		BFDDB48428C1075900AECBF6 /* Project object */ = {
			isa = PBXProject;
			attributes = {
				BuildIndependentTargetsInParallel = 1;
				LastSwiftUpdateCheck = 1340;
				LastUpgradeCheck = 1340;
				TargetAttributes = {
					BFDDB48B28C1075900AECBF6 = {
						CreatedOnToolsVersion = 13.4.1;
					};
					BFDDB49B28C1075A00AECBF6 = {
						CreatedOnToolsVersion = 13.4.1;
						TestTargetID = BFDDB48B28C1075900AECBF6;
					};
					BFDDB4A528C1075A00AECBF6 = {
						CreatedOnToolsVersion = 13.4.1;
						TestTargetID = BFDDB48B28C1075900AECBF6;
					};
				};
			};
			buildConfigurationList = BFDDB48728C1075900AECBF6 /* Build configuration list for PBXProject "SwiftUI Tutorial" */;
			compatibilityVersion = "Xcode 13.0";
			developmentRegion = en;
			hasScannedForEncodings = 0;
			knownRegions = (
				en,
				Base,
			);
			mainGroup = BFDDB48328C1075900AECBF6;
			productRefGroup = BFDDB48D28C1075900AECBF6 /* Products */;
			projectDirPath = "";
			projectRoot = "";
			targets = (
				BFDDB48B28C1075900AECBF6 /* SwiftUI Tutorial */,
				BFDDB49B28C1075A00AECBF6 /* SwiftUI TutorialTests */,
				BFDDB4A528C1075A00AECBF6 /* SwiftUI TutorialUITests */,
			);
		};
/* End PBXProject section */

/* Begin PBXResourcesBuildPhase section */
		BFDDB48A28C1075900AECBF6 /* Resources */ = {
			isa = PBXResourcesBuildPhase;
			buildActionMask = 2147483647;
			files = (
				BFDDB49728C1075A00AECBF6 /* Preview Assets.xcassets in Resources */,
				BFDDB49428C1075A00AECBF6 /* Assets.xcassets in Resources */,
				BFDDB4BE28C1ADD000AECBF6 /* landmarkData.json in Resources */,
			);
			runOnlyForDeploymentPostprocessing = 0;
		};
		BFDDB49A28C1075A00AECBF6 /* Resources */ = {
			isa = PBXResourcesBuildPhase;
			buildActionMask = 2147483647;
			files = (
			);
			runOnlyForDeploymentPostprocessing = 0;
		};
		BFDDB4A428C1075A00AECBF6 /* Resources */ = {
			isa = PBXResourcesBuildPhase;
			buildActionMask = 2147483647;
			files = (
			);
			runOnlyForDeploymentPostprocessing = 0;
		};
/* End PBXResourcesBuildPhase section */

/* Begin PBXSourcesBuildPhase section */
		BFDDB48828C1075900AECBF6 /* Sources */ = {
			isa = PBXSourcesBuildPhase;
			buildActionMask = 2147483647;
			files = (
				BFDDB49228C1075900AECBF6 /* ContentView.swift in Sources */,
				BFDDB4BC28C10AC300AECBF6 /* MapView.swift in Sources */,
				BFDDB49028C1075900AECBF6 /* SwiftUI_TutorialApp.swift in Sources */,
				BFDDB4CD28C1B77200AECBF6 /* LandmarkList.swift in Sources */,
				BFDDB4CF28C1BDD200AECBF6 /* LandmarkDetail.swift in Sources */,
				BFDDB4BA28C109A800AECBF6 /* CircleImage.swift in Sources */,
				BFDDB4C028C1ADDC00AECBF6 /* Landmark.swift in Sources */,
				BFDDB4CB28C1B3AF00AECBF6 /* LandmarkRow.swift in Sources */,
				BFDDB4C428C1B1BD00AECBF6 /* ModelData.swift in Sources */,
			);
			runOnlyForDeploymentPostprocessing = 0;
		};
		BFDDB49828C1075A00AECBF6 /* Sources */ = {
			isa = PBXSourcesBuildPhase;
			buildActionMask = 2147483647;
			files = (
				BFDDB4A128C1075A00AECBF6 /* SwiftUI_TutorialTests.swift in Sources */,
			);
			runOnlyForDeploymentPostprocessing = 0;
		};
		BFDDB4A228C1075A00AECBF6 /* Sources */ = {
			isa = PBXSourcesBuildPhase;
			buildActionMask = 2147483647;
			files = (
				BFDDB4AD28C1075A00AECBF6 /* SwiftUI_TutorialUITestsLaunchTests.swift in Sources */,
				BFDDB4AB28C1075A00AECBF6 /* SwiftUI_TutorialUITests.swift in Sources */,
			);
			runOnlyForDeploymentPostprocessing = 0;
		};
/* End PBXSourcesBuildPhase section */

/* Begin PBXTargetDependency section */
		BFDDB49E28C1075A00AECBF6 /* PBXTargetDependency */ = {
			isa = PBXTargetDependency;
			target = BFDDB48B28C1075900AECBF6 /* SwiftUI Tutorial */;
			targetProxy = BFDDB49D28C1075A00AECBF6 /* PBXContainerItemProxy */;
		};
		BFDDB4A828C1075A00AECBF6 /* PBXTargetDependency */ = {
			isa = PBXTargetDependency;
			target = BFDDB48B28C1075900AECBF6 /* SwiftUI Tutorial */;
			targetProxy = BFDDB4A728C1075A00AECBF6 /* PBXContainerItemProxy */;
		};
/* End PBXTargetDependency section */

/* Begin XCBuildConfiguration section */
		BFDDB4AE28C1075A00AECBF6 /* Debug */ = {
			isa = XCBuildConfiguration;
			buildSettings = {
				ALWAYS_SEARCH_USER_PATHS = NO;
				CLANG_ANALYZER_NONNULL = YES;
				CLANG_ANALYZER_NUMBER_OBJECT_CONVERSION = YES_AGGRESSIVE;
				CLANG_CXX_LANGUAGE_STANDARD = "gnu++17";
				CLANG_ENABLE_MODULES = YES;
				CLANG_ENABLE_OBJC_ARC = YES;
				CLANG_ENABLE_OBJC_WEAK = YES;
				CLANG_WARN_BLOCK_CAPTURE_AUTORELEASING = YES;
				CLANG_WARN_BOOL_CONVERSION = YES;
				CLANG_WARN_COMMA = YES;
				CLANG_WARN_CONSTANT_CONVERSION = YES;
				CLANG_WARN_DEPRECATED_OBJC_IMPLEMENTATIONS = YES;
				CLANG_WARN_DIRECT_OBJC_ISA_USAGE = YES_ERROR;
				CLANG_WARN_DOCUMENTATION_COMMENTS = YES;
				CLANG_WARN_EMPTY_BODY = YES;
				CLANG_WARN_ENUM_CONVERSION = YES;
				CLANG_WARN_INFINITE_RECURSION = YES;
				CLANG_WARN_INT_CONVERSION = YES;
				CLANG_WARN_NON_LITERAL_NULL_CONVERSION = YES;
				CLANG_WARN_OBJC_IMPLICIT_RETAIN_SELF = YES;
				CLANG_WARN_OBJC_LITERAL_CONVERSION = YES;
				CLANG_WARN_OBJC_ROOT_CLASS = YES_ERROR;
				CLANG_WARN_QUOTED_INCLUDE_IN_FRAMEWORK_HEADER = YES;
				CLANG_WARN_RANGE_LOOP_ANALYSIS = YES;
				CLANG_WARN_STRICT_PROTOTYPES = YES;
				CLANG_WARN_SUSPICIOUS_MOVE = YES;
				CLANG_WARN_UNGUARDED_AVAILABILITY = YES_AGGRESSIVE;
				CLANG_WARN_UNREACHABLE_CODE = YES;
				CLANG_WARN__DUPLICATE_METHOD_MATCH = YES;
				COPY_PHASE_STRIP = NO;
				DEBUG_INFORMATION_FORMAT = dwarf;
				ENABLE_STRICT_OBJC_MSGSEND = YES;
				ENABLE_TESTABILITY = YES;
				GCC_C_LANGUAGE_STANDARD = gnu11;
				GCC_DYNAMIC_NO_PIC = NO;
				GCC_NO_COMMON_BLOCKS = YES;
				GCC_OPTIMIZATION_LEVEL = 0;
				GCC_PREPROCESSOR_DEFINITIONS = (
					"DEBUG=1",
					"$(inherited)",
				);
				GCC_WARN_64_TO_32_BIT_CONVERSION = YES;
				GCC_WARN_ABOUT_RETURN_TYPE = YES_ERROR;
				GCC_WARN_UNDECLARED_SELECTOR = YES;
				GCC_WARN_UNINITIALIZED_AUTOS = YES_AGGRESSIVE;
				GCC_WARN_UNUSED_FUNCTION = YES;
				GCC_WARN_UNUSED_VARIABLE = YES;
				IPHONEOS_DEPLOYMENT_TARGET = 15.5;
				MTL_ENABLE_DEBUG_INFO = INCLUDE_SOURCE;
				MTL_FAST_MATH = YES;
				ONLY_ACTIVE_ARCH = YES;
				SDKROOT = iphoneos;
				SWIFT_ACTIVE_COMPILATION_CONDITIONS = DEBUG;
				SWIFT_OPTIMIZATION_LEVEL = "-Onone";
			};
			name = Debug;
		};
		BFDDB4AF28C1075A00AECBF6 /* Release */ = {
			isa = XCBuildConfiguration;
			buildSettings = {
				ALWAYS_SEARCH_USER_PATHS = NO;
				CLANG_ANALYZER_NONNULL = YES;
				CLANG_ANALYZER_NUMBER_OBJECT_CONVERSION = YES_AGGRESSIVE;
				CLANG_CXX_LANGUAGE_STANDARD = "gnu++17";
				CLANG_ENABLE_MODULES = YES;
				CLANG_ENABLE_OBJC_ARC = YES;
				CLANG_ENABLE_OBJC_WEAK = YES;
				CLANG_WARN_BLOCK_CAPTURE_AUTORELEASING = YES;
				CLANG_WARN_BOOL_CONVERSION = YES;
				CLANG_WARN_COMMA = YES;
				CLANG_WARN_CONSTANT_CONVERSION = YES;
				CLANG_WARN_DEPRECATED_OBJC_IMPLEMENTATIONS = YES;
				CLANG_WARN_DIRECT_OBJC_ISA_USAGE = YES_ERROR;
				CLANG_WARN_DOCUMENTATION_COMMENTS = YES;
				CLANG_WARN_EMPTY_BODY = YES;
				CLANG_WARN_ENUM_CONVERSION = YES;
				CLANG_WARN_INFINITE_RECURSION = YES;
				CLANG_WARN_INT_CONVERSION = YES;
				CLANG_WARN_NON_LITERAL_NULL_CONVERSION = YES;
				CLANG_WARN_OBJC_IMPLICIT_RETAIN_SELF = YES;
				CLANG_WARN_OBJC_LITERAL_CONVERSION = YES;
				CLANG_WARN_OBJC_ROOT_CLASS = YES_ERROR;
				CLANG_WARN_QUOTED_INCLUDE_IN_FRAMEWORK_HEADER = YES;
				CLANG_WARN_RANGE_LOOP_ANALYSIS = YES;
				CLANG_WARN_STRICT_PROTOTYPES = YES;
				CLANG_WARN_SUSPICIOUS_MOVE = YES;
				CLANG_WARN_UNGUARDED_AVAILABILITY = YES_AGGRESSIVE;
				CLANG_WARN_UNREACHABLE_CODE = YES;
				CLANG_WARN__DUPLICATE_METHOD_MATCH = YES;
				COPY_PHASE_STRIP = NO;
				DEBUG_INFORMATION_FORMAT = "dwarf-with-dsym";
				ENABLE_NS_ASSERTIONS = NO;
				ENABLE_STRICT_OBJC_MSGSEND = YES;
				GCC_C_LANGUAGE_STANDARD = gnu11;
				GCC_NO_COMMON_BLOCKS = YES;
				GCC_WARN_64_TO_32_BIT_CONVERSION = YES;
				GCC_WARN_ABOUT_RETURN_TYPE = YES_ERROR;
				GCC_WARN_UNDECLARED_SELECTOR = YES;
				GCC_WARN_UNINITIALIZED_AUTOS = YES_AGGRESSIVE;
				GCC_WARN_UNUSED_FUNCTION = YES;
				GCC_WARN_UNUSED_VARIABLE = YES;
				IPHONEOS_DEPLOYMENT_TARGET = 15.5;
				MTL_ENABLE_DEBUG_INFO = NO;
				MTL_FAST_MATH = YES;
				SDKROOT = iphoneos;
				SWIFT_COMPILATION_MODE = wholemodule;
				SWIFT_OPTIMIZATION_LEVEL = "-O";
				VALIDATE_PRODUCT = YES;
			};
			name = Release;
		};
		BFDDB4B128C1075A00AECBF6 /* Debug */ = {
			isa = XCBuildConfiguration;
			buildSettings = {
				ASSETCATALOG_COMPILER_APPICON_NAME = AppIcon;
				ASSETCATALOG_COMPILER_GLOBAL_ACCENT_COLOR_NAME = AccentColor;
				CODE_SIGN_STYLE = Automatic;
				CURRENT_PROJECT_VERSION = 1;
				DEVELOPMENT_ASSET_PATHS = "\"SwiftUI Tutorial/Preview Content\"";
				ENABLE_PREVIEWS = YES;
				GENERATE_INFOPLIST_FILE = YES;
				INFOPLIST_KEY_UIApplicationSceneManifest_Generation = YES;
				INFOPLIST_KEY_UIApplicationSupportsIndirectInputEvents = YES;
				INFOPLIST_KEY_UILaunchScreen_Generation = YES;
				INFOPLIST_KEY_UISupportedInterfaceOrientations_iPad = "UIInterfaceOrientationPortrait UIInterfaceOrientationPortraitUpsideDown UIInterfaceOrientationLandscapeLeft UIInterfaceOrientationLandscapeRight";
				INFOPLIST_KEY_UISupportedInterfaceOrientations_iPhone = "UIInterfaceOrientationPortrait UIInterfaceOrientationLandscapeLeft UIInterfaceOrientationLandscapeRight";
				LD_RUNPATH_SEARCH_PATHS = (
					"$(inherited)",
					"@executable_path/Frameworks",
				);
				MARKETING_VERSION = 1.0;
				PRODUCT_BUNDLE_IDENTIFIER = "au.edu.uts.SwiftUI-Tutorial";
				PRODUCT_NAME = "$(TARGET_NAME)";
				SWIFT_EMIT_LOC_STRINGS = YES;
				SWIFT_VERSION = 5.0;
				TARGETED_DEVICE_FAMILY = "1,2";
			};
			name = Debug;
		};
		BFDDB4B228C1075A00AECBF6 /* Release */ = {
			isa = XCBuildConfiguration;
			buildSettings = {
				ASSETCATALOG_COMPILER_APPICON_NAME = AppIcon;
				ASSETCATALOG_COMPILER_GLOBAL_ACCENT_COLOR_NAME = AccentColor;
				CODE_SIGN_STYLE = Automatic;
				CURRENT_PROJECT_VERSION = 1;
				DEVELOPMENT_ASSET_PATHS = "\"SwiftUI Tutorial/Preview Content\"";
				ENABLE_PREVIEWS = YES;
				GENERATE_INFOPLIST_FILE = YES;
				INFOPLIST_KEY_UIApplicationSceneManifest_Generation = YES;
				INFOPLIST_KEY_UIApplicationSupportsIndirectInputEvents = YES;
				INFOPLIST_KEY_UILaunchScreen_Generation = YES;
				INFOPLIST_KEY_UISupportedInterfaceOrientations_iPad = "UIInterfaceOrientationPortrait UIInterfaceOrientationPortraitUpsideDown UIInterfaceOrientationLandscapeLeft UIInterfaceOrientationLandscapeRight";
				INFOPLIST_KEY_UISupportedInterfaceOrientations_iPhone = "UIInterfaceOrientationPortrait UIInterfaceOrientationLandscapeLeft UIInterfaceOrientationLandscapeRight";
				LD_RUNPATH_SEARCH_PATHS = (
					"$(inherited)",
					"@executable_path/Frameworks",
				);
				MARKETING_VERSION = 1.0;
				PRODUCT_BUNDLE_IDENTIFIER = "au.edu.uts.SwiftUI-Tutorial";
				PRODUCT_NAME = "$(TARGET_NAME)";
				SWIFT_EMIT_LOC_STRINGS = YES;
				SWIFT_VERSION = 5.0;
				TARGETED_DEVICE_FAMILY = "1,2";
			};
			name = Release;
		};
		BFDDB4B428C1075A00AECBF6 /* Debug */ = {
			isa = XCBuildConfiguration;
			buildSettings = {
				ALWAYS_EMBED_SWIFT_STANDARD_LIBRARIES = YES;
				BUNDLE_LOADER = "$(TEST_HOST)";
				CODE_SIGN_STYLE = Automatic;
				CURRENT_PROJECT_VERSION = 1;
				GENERATE_INFOPLIST_FILE = YES;
				IPHONEOS_DEPLOYMENT_TARGET = 15.5;
				MARKETING_VERSION = 1.0;
				PRODUCT_BUNDLE_IDENTIFIER = "au.edu.uts.SwiftUI-TutorialTests";
				PRODUCT_NAME = "$(TARGET_NAME)";
				SWIFT_EMIT_LOC_STRINGS = NO;
				SWIFT_VERSION = 5.0;
				TARGETED_DEVICE_FAMILY = "1,2";
				TEST_HOST = "$(BUILT_PRODUCTS_DIR)/SwiftUI Tutorial.app/SwiftUI Tutorial";
			};
			name = Debug;
		};
		BFDDB4B528C1075A00AECBF6 /* Release */ = {
			isa = XCBuildConfiguration;
			buildSettings = {
				ALWAYS_EMBED_SWIFT_STANDARD_LIBRARIES = YES;
				BUNDLE_LOADER = "$(TEST_HOST)";
				CODE_SIGN_STYLE = Automatic;
				CURRENT_PROJECT_VERSION = 1;
				GENERATE_INFOPLIST_FILE = YES;
				IPHONEOS_DEPLOYMENT_TARGET = 15.5;
				MARKETING_VERSION = 1.0;
				PRODUCT_BUNDLE_IDENTIFIER = "au.edu.uts.SwiftUI-TutorialTests";
				PRODUCT_NAME = "$(TARGET_NAME)";
				SWIFT_EMIT_LOC_STRINGS = NO;
				SWIFT_VERSION = 5.0;
				TARGETED_DEVICE_FAMILY = "1,2";
				TEST_HOST = "$(BUILT_PRODUCTS_DIR)/SwiftUI Tutorial.app/SwiftUI Tutorial";
			};
			name = Release;
		};
		BFDDB4B728C1075A00AECBF6 /* Debug */ = {
			isa = XCBuildConfiguration;
			buildSettings = {
				ALWAYS_EMBED_SWIFT_STANDARD_LIBRARIES = YES;
				CODE_SIGN_STYLE = Automatic;
				CURRENT_PROJECT_VERSION = 1;
				GENERATE_INFOPLIST_FILE = YES;
				MARKETING_VERSION = 1.0;
				PRODUCT_BUNDLE_IDENTIFIER = "au.edu.uts.SwiftUI-TutorialUITests";
				PRODUCT_NAME = "$(TARGET_NAME)";
				SWIFT_EMIT_LOC_STRINGS = NO;
				SWIFT_VERSION = 5.0;
				TARGETED_DEVICE_FAMILY = "1,2";
				TEST_TARGET_NAME = "SwiftUI Tutorial";
			};
			name = Debug;
		};
		BFDDB4B828C1075A00AECBF6 /* Release */ = {
			isa = XCBuildConfiguration;
			buildSettings = {
				ALWAYS_EMBED_SWIFT_STANDARD_LIBRARIES = YES;
				CODE_SIGN_STYLE = Automatic;
				CURRENT_PROJECT_VERSION = 1;
				GENERATE_INFOPLIST_FILE = YES;
				MARKETING_VERSION = 1.0;
				PRODUCT_BUNDLE_IDENTIFIER = "au.edu.uts.SwiftUI-TutorialUITests";
				PRODUCT_NAME = "$(TARGET_NAME)";
				SWIFT_EMIT_LOC_STRINGS = NO;
				SWIFT_VERSION = 5.0;
				TARGETED_DEVICE_FAMILY = "1,2";
				TEST_TARGET_NAME = "SwiftUI Tutorial";
			};
			name = Release;
		};
/* End XCBuildConfiguration section */

/* Begin XCConfigurationList section */
		BFDDB48728C1075900AECBF6 /* Build configuration list for PBXProject "SwiftUI Tutorial" */ = {
			isa = XCConfigurationList;
			buildConfigurations = (
				BFDDB4AE28C1075A00AECBF6 /* Debug */,
				BFDDB4AF28C1075A00AECBF6 /* Release */,
			);
			defaultConfigurationIsVisible = 0;
			defaultConfigurationName = Release;
		};
		BFDDB4B028C1075A00AECBF6 /* Build configuration list for PBXNativeTarget "SwiftUI Tutorial" */ = {
			isa = XCConfigurationList;
			buildConfigurations = (
				BFDDB4B128C1075A00AECBF6 /* Debug */,
				BFDDB4B228C1075A00AECBF6 /* Release */,
			);
			defaultConfigurationIsVisible = 0;
			defaultConfigurationName = Release;
		};
		BFDDB4B328C1075A00AECBF6 /* Build configuration list for PBXNativeTarget "SwiftUI TutorialTests" */ = {
			isa = XCConfigurationList;
			buildConfigurations = (
				BFDDB4B428C1075A00AECBF6 /* Debug */,
				BFDDB4B528C1075A00AECBF6 /* Release */,
			);
			defaultConfigurationIsVisible = 0;
			defaultConfigurationName = Release;
		};
		BFDDB4B628C1075A00AECBF6 /* Build configuration list for PBXNativeTarget "SwiftUI TutorialUITests" */ = {
			isa = XCConfigurationList;
			buildConfigurations = (
				BFDDB4B728C1075A00AECBF6 /* Debug */,
				BFDDB4B828C1075A00AECBF6 /* Release */,
			);
			defaultConfigurationIsVisible = 0;
			defaultConfigurationName = Release;
		};
/* End XCConfigurationList section */
	};
	rootObject = BFDDB48428C1075900AECBF6 /* Project object */;
}
